// !$*UTF8*$!
{
	archiveVersion = 1;
	classes = {
	};
	objectVersion = 50;
	objects = {

/* Begin PBXBuildFile section */
		749FBCF222CE19FE005B4AE7 /* AppDelegate.swift in Sources */ = {isa = PBXBuildFile; fileRef = 749FBCF122CE19FE005B4AE7 /* AppDelegate.swift */; };
		749FBCF422CE19FE005B4AE7 /* ViewController.swift in Sources */ = {isa = PBXBuildFile; fileRef = 749FBCF322CE19FE005B4AE7 /* ViewController.swift */; };
		749FBCF722CE19FE005B4AE7 /* Main.storyboard in Resources */ = {isa = PBXBuildFile; fileRef = 749FBCF522CE19FE005B4AE7 /* Main.storyboard */; };
		749FBCFA22CE19FE005B4AE7 /* Jazzy_Documentation.xcdatamodeld in Sources */ = {isa = PBXBuildFile; fileRef = 749FBCF822CE19FE005B4AE7 /* Jazzy_Documentation.xcdatamodeld */; };
		749FBCFC22CE1A00005B4AE7 /* Assets.xcassets in Resources */ = {isa = PBXBuildFile; fileRef = 749FBCFB22CE1A00005B4AE7 /* Assets.xcassets */; };
		749FBCFF22CE1A00005B4AE7 /* LaunchScreen.storyboard in Resources */ = {isa = PBXBuildFile; fileRef = 749FBCFD22CE1A00005B4AE7 /* LaunchScreen.storyboard */; };
		749FBD0A22CE1A00005B4AE7 /* Jazzy_DocumentationTests.swift in Sources */ = {isa = PBXBuildFile; fileRef = 749FBD0922CE1A00005B4AE7 /* Jazzy_DocumentationTests.swift */; };
		749FBD1522CE1A00005B4AE7 /* Jazzy_DocumentationUITests.swift in Sources */ = {isa = PBXBuildFile; fileRef = 749FBD1422CE1A00005B4AE7 /* Jazzy_DocumentationUITests.swift */; };
		749FBD2422CE1AB9005B4AE7 /* Array+Extensions.swift in Sources */ = {isa = PBXBuildFile; fileRef = 749FBD2322CE1AB9005B4AE7 /* Array+Extensions.swift */; };
		749FBD2722CE1BD4005B4AE7 /* Utility.swift in Sources */ = {isa = PBXBuildFile; fileRef = 749FBD2622CE1BD4005B4AE7 /* Utility.swift */; };
/* End PBXBuildFile section */

/* Begin PBXContainerItemProxy section */
		749FBD0622CE1A00005B4AE7 /* PBXContainerItemProxy */ = {
			isa = PBXContainerItemProxy;
			containerPortal = 749FBCE622CE19FE005B4AE7 /* Project object */;
			proxyType = 1;
			remoteGlobalIDString = 749FBCED22CE19FE005B4AE7;
			remoteInfo = "Jazzy-Documentation";
		};
		749FBD1122CE1A00005B4AE7 /* PBXContainerItemProxy */ = {
			isa = PBXContainerItemProxy;
			containerPortal = 749FBCE622CE19FE005B4AE7 /* Project object */;
			proxyType = 1;
			remoteGlobalIDString = 749FBCED22CE19FE005B4AE7;
			remoteInfo = "Jazzy-Documentation";
		};
/* End PBXContainerItemProxy section */

/* Begin PBXFileReference section */
		749FBCEE22CE19FE005B4AE7 /* JazzyDocumentation.app */ = {isa = PBXFileReference; explicitFileType = wrapper.application; includeInIndex = 0; path = JazzyDocumentation.app; sourceTree = BUILT_PRODUCTS_DIR; };
		749FBCF122CE19FE005B4AE7 /* AppDelegate.swift */ = {isa = PBXFileReference; lastKnownFileType = sourcecode.swift; path = AppDelegate.swift; sourceTree = "<group>"; };
		749FBCF322CE19FE005B4AE7 /* ViewController.swift */ = {isa = PBXFileReference; lastKnownFileType = sourcecode.swift; path = ViewController.swift; sourceTree = "<group>"; };
		749FBCF622CE19FE005B4AE7 /* Base */ = {isa = PBXFileReference; lastKnownFileType = file.storyboard; name = Base; path = Base.lproj/Main.storyboard; sourceTree = "<group>"; };
		749FBCF922CE19FE005B4AE7 /* Jazzy_Documentation.xcdatamodel */ = {isa = PBXFileReference; lastKnownFileType = wrapper.xcdatamodel; path = Jazzy_Documentation.xcdatamodel; sourceTree = "<group>"; };
		749FBCFB22CE1A00005B4AE7 /* Assets.xcassets */ = {isa = PBXFileReference; lastKnownFileType = folder.assetcatalog; path = Assets.xcassets; sourceTree = "<group>"; };
		749FBCFE22CE1A00005B4AE7 /* Base */ = {isa = PBXFileReference; lastKnownFileType = file.storyboard; name = Base; path = Base.lproj/LaunchScreen.storyboard; sourceTree = "<group>"; };
		749FBD0022CE1A00005B4AE7 /* Info.plist */ = {isa = PBXFileReference; lastKnownFileType = text.plist.xml; path = Info.plist; sourceTree = "<group>"; };
		749FBD0522CE1A00005B4AE7 /* JazzyDocumentationTests.xctest */ = {isa = PBXFileReference; explicitFileType = wrapper.cfbundle; includeInIndex = 0; path = JazzyDocumentationTests.xctest; sourceTree = BUILT_PRODUCTS_DIR; };
		749FBD0922CE1A00005B4AE7 /* Jazzy_DocumentationTests.swift */ = {isa = PBXFileReference; lastKnownFileType = sourcecode.swift; path = Jazzy_DocumentationTests.swift; sourceTree = "<group>"; };
		749FBD0B22CE1A00005B4AE7 /* Info.plist */ = {isa = PBXFileReference; lastKnownFileType = text.plist.xml; path = Info.plist; sourceTree = "<group>"; };
		749FBD1022CE1A00005B4AE7 /* JazzyDocumentationUITests.xctest */ = {isa = PBXFileReference; explicitFileType = wrapper.cfbundle; includeInIndex = 0; path = JazzyDocumentationUITests.xctest; sourceTree = BUILT_PRODUCTS_DIR; };
		749FBD1422CE1A00005B4AE7 /* Jazzy_DocumentationUITests.swift */ = {isa = PBXFileReference; lastKnownFileType = sourcecode.swift; path = Jazzy_DocumentationUITests.swift; sourceTree = "<group>"; };
		749FBD1622CE1A00005B4AE7 /* Info.plist */ = {isa = PBXFileReference; lastKnownFileType = text.plist.xml; path = Info.plist; sourceTree = "<group>"; };
		749FBD2322CE1AB9005B4AE7 /* Array+Extensions.swift */ = {isa = PBXFileReference; lastKnownFileType = sourcecode.swift; path = "Array+Extensions.swift"; sourceTree = "<group>"; };
		749FBD2622CE1BD4005B4AE7 /* Utility.swift */ = {isa = PBXFileReference; lastKnownFileType = sourcecode.swift; path = Utility.swift; sourceTree = "<group>"; };
/* End PBXFileReference section */

/* Begin PBXFrameworksBuildPhase section */
		749FBCEB22CE19FE005B4AE7 /* Frameworks */ = {
			isa = PBXFrameworksBuildPhase;
			buildActionMask = 2147483647;
			files = (
			);
			runOnlyForDeploymentPostprocessing = 0;
		};
		749FBD0222CE1A00005B4AE7 /* Frameworks */ = {
			isa = PBXFrameworksBuildPhase;
			buildActionMask = 2147483647;
			files = (
			);
			runOnlyForDeploymentPostprocessing = 0;
		};
		749FBD0D22CE1A00005B4AE7 /* Frameworks */ = {
			isa = PBXFrameworksBuildPhase;
			buildActionMask = 2147483647;
			files = (
			);
			runOnlyForDeploymentPostprocessing = 0;
		};
/* End PBXFrameworksBuildPhase section */

/* Begin PBXGroup section */
		749FBCE522CE19FE005B4AE7 = {
			isa = PBXGroup;
			children = (
				749FBCF022CE19FE005B4AE7 /* JazzyDocumentation */,
				749FBD0822CE1A00005B4AE7 /* Jazzy-DocumentationTests */,
				749FBD1322CE1A00005B4AE7 /* Jazzy-DocumentationUITests */,
				749FBCEF22CE19FE005B4AE7 /* Products */,
			);
			sourceTree = "<group>";
		};
		749FBCEF22CE19FE005B4AE7 /* Products */ = {
			isa = PBXGroup;
			children = (
				749FBCEE22CE19FE005B4AE7 /* JazzyDocumentation.app */,
				749FBD0522CE1A00005B4AE7 /* JazzyDocumentationTests.xctest */,
				749FBD1022CE1A00005B4AE7 /* JazzyDocumentationUITests.xctest */,
			);
			name = Products;
			sourceTree = "<group>";
		};
		749FBCF022CE19FE005B4AE7 /* JazzyDocumentation */ = {
			isa = PBXGroup;
			children = (
				749FBCF122CE19FE005B4AE7 /* AppDelegate.swift */,
				749FBD2622CE1BD4005B4AE7 /* Utility.swift */,
				749FBD2522CE1B0B005B4AE7 /* ViewController */,
				749FBD2222CE1A9F005B4AE7 /* Extensions */,
				749FBCF522CE19FE005B4AE7 /* Main.storyboard */,
				749FBCFB22CE1A00005B4AE7 /* Assets.xcassets */,
				749FBCFD22CE1A00005B4AE7 /* LaunchScreen.storyboard */,
				749FBD0022CE1A00005B4AE7 /* Info.plist */,
				749FBCF822CE19FE005B4AE7 /* Jazzy_Documentation.xcdatamodeld */,
			);
			path = JazzyDocumentation;
			sourceTree = "<group>";
		};
		749FBD0822CE1A00005B4AE7 /* Jazzy-DocumentationTests */ = {
			isa = PBXGroup;
			children = (
				749FBD0922CE1A00005B4AE7 /* Jazzy_DocumentationTests.swift */,
				749FBD0B22CE1A00005B4AE7 /* Info.plist */,
			);
			path = "Jazzy-DocumentationTests";
			sourceTree = "<group>";
		};
		749FBD1322CE1A00005B4AE7 /* Jazzy-DocumentationUITests */ = {
			isa = PBXGroup;
			children = (
				749FBD1422CE1A00005B4AE7 /* Jazzy_DocumentationUITests.swift */,
				749FBD1622CE1A00005B4AE7 /* Info.plist */,
			);
			path = "Jazzy-DocumentationUITests";
			sourceTree = "<group>";
		};
		749FBD2222CE1A9F005B4AE7 /* Extensions */ = {
			isa = PBXGroup;
			children = (
				749FBD2322CE1AB9005B4AE7 /* Array+Extensions.swift */,
			);
			path = Extensions;
			sourceTree = "<group>";
		};
		749FBD2522CE1B0B005B4AE7 /* ViewController */ = {
			isa = PBXGroup;
			children = (
				749FBCF322CE19FE005B4AE7 /* ViewController.swift */,
			);
			path = ViewController;
			sourceTree = "<group>";
		};
/* End PBXGroup section */

/* Begin PBXNativeTarget section */
		749FBCED22CE19FE005B4AE7 /* JazzyDocumentation */ = {
			isa = PBXNativeTarget;
			buildConfigurationList = 749FBD1922CE1A00005B4AE7 /* Build configuration list for PBXNativeTarget "JazzyDocumentation" */;
			buildPhases = (
				749FBCEA22CE19FE005B4AE7 /* Sources */,
				749FBCEB22CE19FE005B4AE7 /* Frameworks */,
				749FBCEC22CE19FE005B4AE7 /* Resources */,
			);
			buildRules = (
			);
			dependencies = (
			);
			name = JazzyDocumentation;
			productName = "Jazzy-Documentation";
			productReference = 749FBCEE22CE19FE005B4AE7 /* JazzyDocumentation.app */;
			productType = "com.apple.product-type.application";
		};
		749FBD0422CE1A00005B4AE7 /* JazzyDocumentationTests */ = {
			isa = PBXNativeTarget;
			buildConfigurationList = 749FBD1C22CE1A00005B4AE7 /* Build configuration list for PBXNativeTarget "JazzyDocumentationTests" */;
			buildPhases = (
				749FBD0122CE1A00005B4AE7 /* Sources */,
				749FBD0222CE1A00005B4AE7 /* Frameworks */,
				749FBD0322CE1A00005B4AE7 /* Resources */,
			);
			buildRules = (
			);
			dependencies = (
				749FBD0722CE1A00005B4AE7 /* PBXTargetDependency */,
			);
			name = JazzyDocumentationTests;
			productName = "Jazzy-DocumentationTests";
			productReference = 749FBD0522CE1A00005B4AE7 /* JazzyDocumentationTests.xctest */;
			productType = "com.apple.product-type.bundle.unit-test";
		};
		749FBD0F22CE1A00005B4AE7 /* JazzyDocumentationUITests */ = {
			isa = PBXNativeTarget;
			buildConfigurationList = 749FBD1F22CE1A00005B4AE7 /* Build configuration list for PBXNativeTarget "JazzyDocumentationUITests" */;
			buildPhases = (
				749FBD0C22CE1A00005B4AE7 /* Sources */,
				749FBD0D22CE1A00005B4AE7 /* Frameworks */,
				749FBD0E22CE1A00005B4AE7 /* Resources */,
			);
			buildRules = (
			);
			dependencies = (
				749FBD1222CE1A00005B4AE7 /* PBXTargetDependency */,
			);
			name = JazzyDocumentationUITests;
			productName = "Jazzy-DocumentationUITests";
			productReference = 749FBD1022CE1A00005B4AE7 /* JazzyDocumentationUITests.xctest */;
			productType = "com.apple.product-type.bundle.ui-testing";
		};
/* End PBXNativeTarget section */

/* Begin PBXProject section */
		749FBCE622CE19FE005B4AE7 /* Project object */ = {
			isa = PBXProject;
			attributes = {
				LastSwiftUpdateCheck = 1020;
				LastUpgradeCheck = 1020;
				ORGANIZATIONNAME = "Sumit Kumar";
				TargetAttributes = {
					749FBCED22CE19FE005B4AE7 = {
						CreatedOnToolsVersion = 10.2;
					};
					749FBD0422CE1A00005B4AE7 = {
						CreatedOnToolsVersion = 10.2;
						TestTargetID = 749FBCED22CE19FE005B4AE7;
					};
					749FBD0F22CE1A00005B4AE7 = {
						CreatedOnToolsVersion = 10.2;
						TestTargetID = 749FBCED22CE19FE005B4AE7;
					};
				};
			};
			buildConfigurationList = 749FBCE922CE19FE005B4AE7 /* Build configuration list for PBXProject "JazzyDocumentation" */;
			compatibilityVersion = "Xcode 9.3";
			developmentRegion = en;
			hasScannedForEncodings = 0;
			knownRegions = (
				en,
				Base,
			);
			mainGroup = 749FBCE522CE19FE005B4AE7;
			productRefGroup = 749FBCEF22CE19FE005B4AE7 /* Products */;
			projectDirPath = "";
			projectRoot = "";
			targets = (
				749FBCED22CE19FE005B4AE7 /* JazzyDocumentation */,
				749FBD0422CE1A00005B4AE7 /* JazzyDocumentationTests */,
				749FBD0F22CE1A00005B4AE7 /* JazzyDocumentationUITests */,
			);
		};
/* End PBXProject section */

/* Begin PBXResourcesBuildPhase section */
		749FBCEC22CE19FE005B4AE7 /* Resources */ = {
			isa = PBXResourcesBuildPhase;
			buildActionMask = 2147483647;
			files = (
				749FBCFF22CE1A00005B4AE7 /* LaunchScreen.storyboard in Resources */,
				749FBCFC22CE1A00005B4AE7 /* Assets.xcassets in Resources */,
				749FBCF722CE19FE005B4AE7 /* Main.storyboard in Resources */,
			);
			runOnlyForDeploymentPostprocessing = 0;
		};
		749FBD0322CE1A00005B4AE7 /* Resources */ = {
			isa = PBXResourcesBuildPhase;
			buildActionMask = 2147483647;
			files = (
			);
			runOnlyForDeploymentPostprocessing = 0;
		};
		749FBD0E22CE1A00005B4AE7 /* Resources */ = {
			isa = PBXResourcesBuildPhase;
			buildActionMask = 2147483647;
			files = (
			);
			runOnlyForDeploymentPostprocessing = 0;
		};
/* End PBXResourcesBuildPhase section */

/* Begin PBXSourcesBuildPhase section */
		749FBCEA22CE19FE005B4AE7 /* Sources */ = {
			isa = PBXSourcesBuildPhase;
			buildActionMask = 2147483647;
			files = (
				749FBD2722CE1BD4005B4AE7 /* Utility.swift in Sources */,
				749FBCFA22CE19FE005B4AE7 /* Jazzy_Documentation.xcdatamodeld in Sources */,
				749FBCF422CE19FE005B4AE7 /* ViewController.swift in Sources */,
				749FBCF222CE19FE005B4AE7 /* AppDelegate.swift in Sources */,
				749FBD2422CE1AB9005B4AE7 /* Array+Extensions.swift in Sources */,
			);
			runOnlyForDeploymentPostprocessing = 0;
		};
		749FBD0122CE1A00005B4AE7 /* Sources */ = {
			isa = PBXSourcesBuildPhase;
			buildActionMask = 2147483647;
			files = (
				749FBD0A22CE1A00005B4AE7 /* Jazzy_DocumentationTests.swift in Sources */,
			);
			runOnlyForDeploymentPostprocessing = 0;
		};
		749FBD0C22CE1A00005B4AE7 /* Sources */ = {
			isa = PBXSourcesBuildPhase;
			buildActionMask = 2147483647;
			files = (
				749FBD1522CE1A00005B4AE7 /* Jazzy_DocumentationUITests.swift in Sources */,
			);
			runOnlyForDeploymentPostprocessing = 0;
		};
/* End PBXSourcesBuildPhase section */

/* Begin PBXTargetDependency section */
		749FBD0722CE1A00005B4AE7 /* PBXTargetDependency */ = {
			isa = PBXTargetDependency;
			target = 749FBCED22CE19FE005B4AE7 /* JazzyDocumentation */;
			targetProxy = 749FBD0622CE1A00005B4AE7 /* PBXContainerItemProxy */;
		};
		749FBD1222CE1A00005B4AE7 /* PBXTargetDependency */ = {
			isa = PBXTargetDependency;
			target = 749FBCED22CE19FE005B4AE7 /* JazzyDocumentation */;
			targetProxy = 749FBD1122CE1A00005B4AE7 /* PBXContainerItemProxy */;
		};
/* End PBXTargetDependency section */

/* Begin PBXVariantGroup section */
		749FBCF522CE19FE005B4AE7 /* Main.storyboard */ = {
			isa = PBXVariantGroup;
			children = (
				749FBCF622CE19FE005B4AE7 /* Base */,
			);
			name = Main.storyboard;
			sourceTree = "<group>";
		};
		749FBCFD22CE1A00005B4AE7 /* LaunchScreen.storyboard */ = {
			isa = PBXVariantGroup;
			children = (
				749FBCFE22CE1A00005B4AE7 /* Base */,
			);
			name = LaunchScreen.storyboard;
			sourceTree = "<group>";
		};
/* End PBXVariantGroup section */

/* Begin XCBuildConfiguration section */
		749FBD1722CE1A00005B4AE7 /* Debug */ = {
			isa = XCBuildConfiguration;
			buildSettings = {
				ALWAYS_SEARCH_USER_PATHS = NO;
				CLANG_ANALYZER_NONNULL = YES;
				CLANG_ANALYZER_NUMBER_OBJECT_CONVERSION = YES_AGGRESSIVE;
				CLANG_CXX_LANGUAGE_STANDARD = "gnu++14";
				CLANG_CXX_LIBRARY = "libc++";
				CLANG_ENABLE_MODULES = YES;
				CLANG_ENABLE_OBJC_ARC = YES;
				CLANG_ENABLE_OBJC_WEAK = YES;
				CLANG_WARN_BLOCK_CAPTURE_AUTORELEASING = YES;
				CLANG_WARN_BOOL_CONVERSION = YES;
				CLANG_WARN_COMMA = YES;
				CLANG_WARN_CONSTANT_CONVERSION = YES;
				CLANG_WARN_DEPRECATED_OBJC_IMPLEMENTATIONS = YES;
				CLANG_WARN_DIRECT_OBJC_ISA_USAGE = YES_ERROR;
				CLANG_WARN_DOCUMENTATION_COMMENTS = YES;
				CLANG_WARN_EMPTY_BODY = YES;
				CLANG_WARN_ENUM_CONVERSION = YES;
				CLANG_WARN_INFINITE_RECURSION = YES;
				CLANG_WARN_INT_CONVERSION = YES;
				CLANG_WARN_NON_LITERAL_NULL_CONVERSION = YES;
				CLANG_WARN_OBJC_IMPLICIT_RETAIN_SELF = YES;
				CLANG_WARN_OBJC_LITERAL_CONVERSION = YES;
				CLANG_WARN_OBJC_ROOT_CLASS = YES_ERROR;
				CLANG_WARN_RANGE_LOOP_ANALYSIS = YES;
				CLANG_WARN_STRICT_PROTOTYPES = YES;
				CLANG_WARN_SUSPICIOUS_MOVE = YES;
				CLANG_WARN_UNGUARDED_AVAILABILITY = YES_AGGRESSIVE;
				CLANG_WARN_UNREACHABLE_CODE = YES;
				CLANG_WARN__DUPLICATE_METHOD_MATCH = YES;
				CODE_SIGN_IDENTITY = "iPhone Developer";
				COPY_PHASE_STRIP = NO;
				DEBUG_INFORMATION_FORMAT = dwarf;
				ENABLE_STRICT_OBJC_MSGSEND = YES;
				ENABLE_TESTABILITY = YES;
				GCC_C_LANGUAGE_STANDARD = gnu11;
				GCC_DYNAMIC_NO_PIC = NO;
				GCC_NO_COMMON_BLOCKS = YES;
				GCC_OPTIMIZATION_LEVEL = 0;
				GCC_PREPROCESSOR_DEFINITIONS = (
					"DEBUG=1",
					"$(inherited)",
				);
				GCC_WARN_64_TO_32_BIT_CONVERSION = YES;
				GCC_WARN_ABOUT_RETURN_TYPE = YES_ERROR;
				GCC_WARN_UNDECLARED_SELECTOR = YES;
				GCC_WARN_UNINITIALIZED_AUTOS = YES_AGGRESSIVE;
				GCC_WARN_UNUSED_FUNCTION = YES;
				GCC_WARN_UNUSED_VARIABLE = YES;
				IPHONEOS_DEPLOYMENT_TARGET = 12.2;
				MTL_ENABLE_DEBUG_INFO = INCLUDE_SOURCE;
				MTL_FAST_MATH = YES;
				ONLY_ACTIVE_ARCH = YES;
				SDKROOT = iphoneos;
				SWIFT_ACTIVE_COMPILATION_CONDITIONS = DEBUG;
				SWIFT_OPTIMIZATION_LEVEL = "-Onone";
			};
			name = Debug;
		};
		749FBD1822CE1A00005B4AE7 /* Release */ = {
			isa = XCBuildConfiguration;
			buildSettings = {
				ALWAYS_SEARCH_USER_PATHS = NO;
				CLANG_ANALYZER_NONNULL = YES;
				CLANG_ANALYZER_NUMBER_OBJECT_CONVERSION = YES_AGGRESSIVE;
				CLANG_CXX_LANGUAGE_STANDARD = "gnu++14";
				CLANG_CXX_LIBRARY = "libc++";
				CLANG_ENABLE_MODULES = YES;
				CLANG_ENABLE_OBJC_ARC = YES;
				CLANG_ENABLE_OBJC_WEAK = YES;
				CLANG_WARN_BLOCK_CAPTURE_AUTORELEASING = YES;
				CLANG_WARN_BOOL_CONVERSION = YES;
				CLANG_WARN_COMMA = YES;
				CLANG_WARN_CONSTANT_CONVERSION = YES;
				CLANG_WARN_DEPRECATED_OBJC_IMPLEMENTATIONS = YES;
				CLANG_WARN_DIRECT_OBJC_ISA_USAGE = YES_ERROR;
				CLANG_WARN_DOCUMENTATION_COMMENTS = YES;
				CLANG_WARN_EMPTY_BODY = YES;
				CLANG_WARN_ENUM_CONVERSION = YES;
				CLANG_WARN_INFINITE_RECURSION = YES;
				CLANG_WARN_INT_CONVERSION = YES;
				CLANG_WARN_NON_LITERAL_NULL_CONVERSION = YES;
				CLANG_WARN_OBJC_IMPLICIT_RETAIN_SELF = YES;
				CLANG_WARN_OBJC_LITERAL_CONVERSION = YES;
				CLANG_WARN_OBJC_ROOT_CLASS = YES_ERROR;
				CLANG_WARN_RANGE_LOOP_ANALYSIS = YES;
				CLANG_WARN_STRICT_PROTOTYPES = YES;
				CLANG_WARN_SUSPICIOUS_MOVE = YES;
				CLANG_WARN_UNGUARDED_AVAILABILITY = YES_AGGRESSIVE;
				CLANG_WARN_UNREACHABLE_CODE = YES;
				CLANG_WARN__DUPLICATE_METHOD_MATCH = YES;
				CODE_SIGN_IDENTITY = "iPhone Developer";
				COPY_PHASE_STRIP = NO;
				DEBUG_INFORMATION_FORMAT = "dwarf-with-dsym";
				ENABLE_NS_ASSERTIONS = NO;
				ENABLE_STRICT_OBJC_MSGSEND = YES;
				GCC_C_LANGUAGE_STANDARD = gnu11;
				GCC_NO_COMMON_BLOCKS = YES;
				GCC_WARN_64_TO_32_BIT_CONVERSION = YES;
				GCC_WARN_ABOUT_RETURN_TYPE = YES_ERROR;
				GCC_WARN_UNDECLARED_SELECTOR = YES;
				GCC_WARN_UNINITIALIZED_AUTOS = YES_AGGRESSIVE;
				GCC_WARN_UNUSED_FUNCTION = YES;
				GCC_WARN_UNUSED_VARIABLE = YES;
				IPHONEOS_DEPLOYMENT_TARGET = 12.2;
				MTL_ENABLE_DEBUG_INFO = NO;
				MTL_FAST_MATH = YES;
				SDKROOT = iphoneos;
				SWIFT_COMPILATION_MODE = wholemodule;
				SWIFT_OPTIMIZATION_LEVEL = "-O";
				VALIDATE_PRODUCT = YES;
			};
			name = Release;
		};
		749FBD1A22CE1A00005B4AE7 /* Debug */ = {
			isa = XCBuildConfiguration;
			buildSettings = {
				ASSETCATALOG_COMPILER_APPICON_NAME = AppIcon;
				CODE_SIGN_STYLE = Automatic;
				INFOPLIST_FILE = "$(SRCROOT)/JazzyDocumentation/Info.plist";
				IPHONEOS_DEPLOYMENT_TARGET = 11.4;
				LD_RUNPATH_SEARCH_PATHS = (
					"$(inherited)",
					"@executable_path/Frameworks",
				);
				PRODUCT_BUNDLE_IDENTIFIER = sk.JazzyDocumentation;
				PRODUCT_NAME = "$(TARGET_NAME)";
				SWIFT_VERSION = 5.0;
				TARGETED_DEVICE_FAMILY = "1,2";
			};
			name = Debug;
		};
		749FBD1B22CE1A00005B4AE7 /* Release */ = {
			isa = XCBuildConfiguration;
			buildSettings = {
				ASSETCATALOG_COMPILER_APPICON_NAME = AppIcon;
				CODE_SIGN_STYLE = Automatic;
				INFOPLIST_FILE = "$(SRCROOT)/JazzyDocumentation/Info.plist";
				IPHONEOS_DEPLOYMENT_TARGET = 11.4;
				LD_RUNPATH_SEARCH_PATHS = (
					"$(inherited)",
					"@executable_path/Frameworks",
				);
				PRODUCT_BUNDLE_IDENTIFIER = sk.JazzyDocumentation;
				PRODUCT_NAME = "$(TARGET_NAME)";
				SWIFT_VERSION = 5.0;
				TARGETED_DEVICE_FAMILY = "1,2";
			};
			name = Release;
		};
		749FBD1D22CE1A00005B4AE7 /* Debug */ = {
			isa = XCBuildConfiguration;
			buildSettings = {
				ALWAYS_EMBED_SWIFT_STANDARD_LIBRARIES = YES;
				BUNDLE_LOADER = "$(TEST_HOST)";
				CODE_SIGN_STYLE = Automatic;
				INFOPLIST_FILE = "Jazzy-DocumentationTests/Info.plist";
				LD_RUNPATH_SEARCH_PATHS = (
					"$(inherited)",
					"@executable_path/Frameworks",
					"@loader_path/Frameworks",
				);
				PRODUCT_BUNDLE_IDENTIFIER = "sk.Jazzy-DocumentationTests";
				PRODUCT_NAME = "$(TARGET_NAME)";
				SWIFT_VERSION = 5.0;
				TARGETED_DEVICE_FAMILY = "1,2";
				TEST_HOST = "$(BUILT_PRODUCTS_DIR)/JazzyDocumentation.app/JazzyDocumentation";
			};
			name = Debug;
		};
		749FBD1E22CE1A00005B4AE7 /* Release */ = {
			isa = XCBuildConfiguration;
			buildSettings = {
				ALWAYS_EMBED_SWIFT_STANDARD_LIBRARIES = YES;
				BUNDLE_LOADER = "$(TEST_HOST)";
				CODE_SIGN_STYLE = Automatic;
				INFOPLIST_FILE = "Jazzy-DocumentationTests/Info.plist";
				LD_RUNPATH_SEARCH_PATHS = (
					"$(inherited)",
					"@executable_path/Frameworks",
					"@loader_path/Frameworks",
				);
				PRODUCT_BUNDLE_IDENTIFIER = "sk.Jazzy-DocumentationTests";
				PRODUCT_NAME = "$(TARGET_NAME)";
				SWIFT_VERSION = 5.0;
				TARGETED_DEVICE_FAMILY = "1,2";
				TEST_HOST = "$(BUILT_PRODUCTS_DIR)/JazzyDocumentation.app/JazzyDocumentation";
			};
			name = Release;
		};
		749FBD2022CE1A00005B4AE7 /* Debug */ = {
			isa = XCBuildConfiguration;
			buildSettings = {
				ALWAYS_EMBED_SWIFT_STANDARD_LIBRARIES = YES;
				CODE_SIGN_STYLE = Automatic;
				INFOPLIST_FILE = "Jazzy-DocumentationUITests/Info.plist";
				LD_RUNPATH_SEARCH_PATHS = (
					"$(inherited)",
					"@executable_path/Frameworks",
					"@loader_path/Frameworks",
				);
				PRODUCT_BUNDLE_IDENTIFIER = "sk.Jazzy-DocumentationUITests";
				PRODUCT_NAME = "$(TARGET_NAME)";
				SWIFT_VERSION = 5.0;
				TARGETED_DEVICE_FAMILY = "1,2";
				TEST_TARGET_NAME = "Jazzy-Documentation";
			};
			name = Debug;
		};
		749FBD2122CE1A00005B4AE7 /* Release */ = {
			isa = XCBuildConfiguration;
			buildSettings = {
				ALWAYS_EMBED_SWIFT_STANDARD_LIBRARIES = YES;
				CODE_SIGN_STYLE = Automatic;
				INFOPLIST_FILE = "Jazzy-DocumentationUITests/Info.plist";
				LD_RUNPATH_SEARCH_PATHS = (
					"$(inherited)",
					"@executable_path/Frameworks",
					"@loader_path/Frameworks",
				);
				PRODUCT_BUNDLE_IDENTIFIER = "sk.Jazzy-DocumentationUITests";
				PRODUCT_NAME = "$(TARGET_NAME)";
				SWIFT_VERSION = 5.0;
				TARGETED_DEVICE_FAMILY = "1,2";
				TEST_TARGET_NAME = "Jazzy-Documentation";
			};
			name = Release;
		};
/* End XCBuildConfiguration section */

/* Begin XCConfigurationList section */
		749FBCE922CE19FE005B4AE7 /* Build configuration list for PBXProject "JazzyDocumentation" */ = {
			isa = XCConfigurationList;
			buildConfigurations = (
				749FBD1722CE1A00005B4AE7 /* Debug */,
				749FBD1822CE1A00005B4AE7 /* Release */,
			);
			defaultConfigurationIsVisible = 0;
			defaultConfigurationName = Release;
		};
		749FBD1922CE1A00005B4AE7 /* Build configuration list for PBXNativeTarget "JazzyDocumentation" */ = {
			isa = XCConfigurationList;
			buildConfigurations = (
				749FBD1A22CE1A00005B4AE7 /* Debug */,
				749FBD1B22CE1A00005B4AE7 /* Release */,
			);
			defaultConfigurationIsVisible = 0;
			defaultConfigurationName = Release;
		};
		749FBD1C22CE1A00005B4AE7 /* Build configuration list for PBXNativeTarget "JazzyDocumentationTests" */ = {
			isa = XCConfigurationList;
			buildConfigurations = (
				749FBD1D22CE1A00005B4AE7 /* Debug */,
				749FBD1E22CE1A00005B4AE7 /* Release */,
			);
			defaultConfigurationIsVisible = 0;
			defaultConfigurationName = Release;
		};
		749FBD1F22CE1A00005B4AE7 /* Build configuration list for PBXNativeTarget "JazzyDocumentationUITests" */ = {
			isa = XCConfigurationList;
			buildConfigurations = (
				749FBD2022CE1A00005B4AE7 /* Debug */,
				749FBD2122CE1A00005B4AE7 /* Release */,
			);
			defaultConfigurationIsVisible = 0;
			defaultConfigurationName = Release;
		};
/* End XCConfigurationList section */

/* Begin XCVersionGroup section */
		749FBCF822CE19FE005B4AE7 /* Jazzy_Documentation.xcdatamodeld */ = {
			isa = XCVersionGroup;
			children = (
				749FBCF922CE19FE005B4AE7 /* Jazzy_Documentation.xcdatamodel */,
			);
			currentVersion = 749FBCF922CE19FE005B4AE7 /* Jazzy_Documentation.xcdatamodel */;
			path = Jazzy_Documentation.xcdatamodeld;
			sourceTree = "<group>";
			versionGroupType = wrapper.xcdatamodel;
		};
/* End XCVersionGroup section */
	};
	rootObject = 749FBCE622CE19FE005B4AE7 /* Project object */;
}
